<Solution>
  <Folder Name="/CoreService/">
    <Project Path="CoreService/CoreService.API/CoreService.API.csproj" />
    <Project Path="CoreService/CoreService.Application/CoreService.Application.csproj" />
    <Project Path="CoreService/CoreService.Domain/CoreService.Domain.csproj" />
    <Project Path="CoreService/CoreService.Infrastructure/CoreService.Infrastructure.csproj" />
  </Folder>
  <Folder Name="/OcrService/">
    <Project Path="OcrService/FinancialApp.OcrService/FinancialApp.OcrService.csproj" />
  </Folder>
  <Folder Name="/Shared/">
    <Project Path="Shared/FinancialApp.Shared/FinancialApp.Shared.csproj" />
  </Folder>
</Solution>
